// !$*UTF8*$!
{
	archiveVersion = 1;
	classes = {
	};
	objectVersion = 56;
	objects = {

/* Begin PBXBuildFile section */
		A21ABEDD2B527C3E00ECDAAE /* SOLIDPrinciplesExampleApp.swift in Sources */ = {isa = PBXBuildFile; fileRef = A21ABEDC2B527C3E00ECDAAE /* SOLIDPrinciplesExampleApp.swift */; };
		A21ABEDF2B527C3E00ECDAAE /* ContentView.swift in Sources */ = {isa = PBXBuildFile; fileRef = A21ABEDE2B527C3E00ECDAAE /* ContentView.swift */; };
		A21ABEE12B527C4000ECDAAE /* Assets.xcassets in Resources */ = {isa = PBXBuildFile; fileRef = A21ABEE02B527C4000ECDAAE /* Assets.xcassets */; };
		A21ABEE42B527C4000ECDAAE /* Preview Assets.xcassets in Resources */ = {isa = PBXBuildFile; fileRef = A21ABEE32B527C4000ECDAAE /* Preview Assets.xcassets */; };
		A21ABEEF2B52806300ECDAAE /* ProductData.swift in Sources */ = {isa = PBXBuildFile; fileRef = A21ABEEE2B52806300ECDAAE /* ProductData.swift */; };
		A21ABEF42B52810C00ECDAAE /* ProductViewModel.swift in Sources */ = {isa = PBXBuildFile; fileRef = A21ABEF32B52810C00ECDAAE /* ProductViewModel.swift */; };
		A21ABEF62B529C6400ECDAAE /* ProductEndPoint.swift in Sources */ = {isa = PBXBuildFile; fileRef = A21ABEF52B529C6400ECDAAE /* ProductEndPoint.swift */; };
		A21ABEF92B529CDA00ECDAAE /* ProductServiceRepository.swift in Sources */ = {isa = PBXBuildFile; fileRef = A21ABEF82B529CDA00ECDAAE /* ProductServiceRepository.swift */; };
		A21ABEFC2B529E0600ECDAAE /* Constants.swift in Sources */ = {isa = PBXBuildFile; fileRef = A21ABEFB2B529E0600ECDAAE /* Constants.swift */; };
		A21ABEFE2B529EB100ECDAAE /* ProductListView.swift in Sources */ = {isa = PBXBuildFile; fileRef = A21ABEFD2B529EB100ECDAAE /* ProductListView.swift */; };
		A21ABF002B52A22900ECDAAE /* ProductDetailView.swift in Sources */ = {isa = PBXBuildFile; fileRef = A21ABEFF2B52A22900ECDAAE /* ProductDetailView.swift */; };
		A21ABF022B52A2AB00ECDAAE /* AutoScroller.swift in Sources */ = {isa = PBXBuildFile; fileRef = A21ABF012B52A2AB00ECDAAE /* AutoScroller.swift */; };
		A25389672B53F32000F23187 /* SOLIDPrinciplesExampleTests.swift in Sources */ = {isa = PBXBuildFile; fileRef = A25389662B53F32000F23187 /* SOLIDPrinciplesExampleTests.swift */; };
		A253896E2B54048800F23187 /* ProductServiceRepositoryImpl.swift in Sources */ = {isa = PBXBuildFile; fileRef = A253896D2B54048800F23187 /* ProductServiceRepositoryImpl.swift */; };
		A291FF7A2B52B91E00DE6484 /* NetworkKit in Frameworks */ = {isa = PBXBuildFile; productRef = A291FF792B52B91E00DE6484 /* NetworkKit */; };
		A291FF7C2B53E44700DE6484 /* AppDependencies.swift in Sources */ = {isa = PBXBuildFile; fileRef = A291FF7B2B53E44700DE6484 /* AppDependencies.swift */; };
/* End PBXBuildFile section */

/* Begin PBXContainerItemProxy section */
		A25389682B53F32000F23187 /* PBXContainerItemProxy */ = {
			isa = PBXContainerItemProxy;
			containerPortal = A21ABED12B527C3E00ECDAAE /* Project object */;
			proxyType = 1;
			remoteGlobalIDString = A21ABED82B527C3E00ECDAAE;
			remoteInfo = SOLIDPrinciplesExample;
		};
/* End PBXContainerItemProxy section */

/* Begin PBXFileReference section */
		A21ABED92B527C3E00ECDAAE /* SOLIDPrinciplesExample.app */ = {isa = PBXFileReference; explicitFileType = wrapper.application; includeInIndex = 0; path = SOLIDPrinciplesExample.app; sourceTree = BUILT_PRODUCTS_DIR; };
		A21ABEDC2B527C3E00ECDAAE /* SOLIDPrinciplesExampleApp.swift */ = {isa = PBXFileReference; lastKnownFileType = sourcecode.swift; path = SOLIDPrinciplesExampleApp.swift; sourceTree = "<group>"; };
		A21ABEDE2B527C3E00ECDAAE /* ContentView.swift */ = {isa = PBXFileReference; lastKnownFileType = sourcecode.swift; path = ContentView.swift; sourceTree = "<group>"; };
		A21ABEE02B527C4000ECDAAE /* Assets.xcassets */ = {isa = PBXFileReference; lastKnownFileType = folder.assetcatalog; path = Assets.xcassets; sourceTree = "<group>"; };
		A21ABEE32B527C4000ECDAAE /* Preview Assets.xcassets */ = {isa = PBXFileReference; lastKnownFileType = folder.assetcatalog; path = "Preview Assets.xcassets"; sourceTree = "<group>"; };
		A21ABEEE2B52806300ECDAAE /* ProductData.swift */ = {isa = PBXFileReference; lastKnownFileType = sourcecode.swift; path = ProductData.swift; sourceTree = "<group>"; };
		A21ABEF32B52810C00ECDAAE /* ProductViewModel.swift */ = {isa = PBXFileReference; lastKnownFileType = sourcecode.swift; path = ProductViewModel.swift; sourceTree = "<group>"; };
		A21ABEF52B529C6400ECDAAE /* ProductEndPoint.swift */ = {isa = PBXFileReference; lastKnownFileType = sourcecode.swift; path = ProductEndPoint.swift; sourceTree = "<group>"; };
		A21ABEF82B529CDA00ECDAAE /* ProductServiceRepository.swift */ = {isa = PBXFileReference; lastKnownFileType = sourcecode.swift; path = ProductServiceRepository.swift; sourceTree = "<group>"; };
		A21ABEFB2B529E0600ECDAAE /* Constants.swift */ = {isa = PBXFileReference; lastKnownFileType = sourcecode.swift; path = Constants.swift; sourceTree = "<group>"; };
		A21ABEFD2B529EB100ECDAAE /* ProductListView.swift */ = {isa = PBXFileReference; lastKnownFileType = sourcecode.swift; path = ProductListView.swift; sourceTree = "<group>"; };
		A21ABEFF2B52A22900ECDAAE /* ProductDetailView.swift */ = {isa = PBXFileReference; lastKnownFileType = sourcecode.swift; path = ProductDetailView.swift; sourceTree = "<group>"; };
		A21ABF012B52A2AB00ECDAAE /* AutoScroller.swift */ = {isa = PBXFileReference; lastKnownFileType = sourcecode.swift; path = AutoScroller.swift; sourceTree = "<group>"; };
		A25389642B53F32000F23187 /* SOLIDPrinciplesExampleTests.xctest */ = {isa = PBXFileReference; explicitFileType = wrapper.cfbundle; includeInIndex = 0; path = SOLIDPrinciplesExampleTests.xctest; sourceTree = BUILT_PRODUCTS_DIR; };
		A25389662B53F32000F23187 /* SOLIDPrinciplesExampleTests.swift */ = {isa = PBXFileReference; lastKnownFileType = sourcecode.swift; path = SOLIDPrinciplesExampleTests.swift; sourceTree = "<group>"; };
		A253896D2B54048800F23187 /* ProductServiceRepositoryImpl.swift */ = {isa = PBXFileReference; lastKnownFileType = sourcecode.swift; path = ProductServiceRepositoryImpl.swift; sourceTree = "<group>"; };
		A291FF7B2B53E44700DE6484 /* AppDependencies.swift */ = {isa = PBXFileReference; lastKnownFileType = sourcecode.swift; path = AppDependencies.swift; sourceTree = "<group>"; };
/* End PBXFileReference section */

/* Begin PBXFrameworksBuildPhase section */
		A21ABED62B527C3E00ECDAAE /* Frameworks */ = {
			isa = PBXFrameworksBuildPhase;
			buildActionMask = 2147483647;
			files = (
				A291FF7A2B52B91E00DE6484 /* NetworkKit in Frameworks */,
			);
			runOnlyForDeploymentPostprocessing = 0;
		};
		A25389612B53F32000F23187 /* Frameworks */ = {
			isa = PBXFrameworksBuildPhase;
			buildActionMask = 2147483647;
			files = (
			);
			runOnlyForDeploymentPostprocessing = 0;
		};
/* End PBXFrameworksBuildPhase section */

/* Begin PBXGroup section */
		A21ABED02B527C3E00ECDAAE = {
			isa = PBXGroup;
			children = (
				A21ABEDB2B527C3E00ECDAAE /* SOLIDPrinciplesExample */,
				A25389652B53F32000F23187 /* SOLIDPrinciplesExampleTests */,
				A21ABEDA2B527C3E00ECDAAE /* Products */,
			);
			sourceTree = "<group>";
		};
		A21ABEDA2B527C3E00ECDAAE /* Products */ = {
			isa = PBXGroup;
			children = (
				A21ABED92B527C3E00ECDAAE /* SOLIDPrinciplesExample.app */,
				A25389642B53F32000F23187 /* SOLIDPrinciplesExampleTests.xctest */,
			);
			name = Products;
			sourceTree = "<group>";
		};
		A21ABEDB2B527C3E00ECDAAE /* SOLIDPrinciplesExample */ = {
			isa = PBXGroup;
			children = (
				A25389582B53F01F00F23187 /* App */,
				A21ABEEA2B527C5100ECDAAE /* Model */,
				A21ABEEB2B527C5700ECDAAE /* Views */,
				A2B1E0562B53E90300D9E3DE /* Network */,
				A2B1E0552B53E8F700D9E3DE /* Repository */,
				A291FF7D2B53E47E00DE6484 /* Dependencies */,
				A21ABEED2B527C6300ECDAAE /* ViewModel */,
				A21ABEF72B529C8F00ECDAAE /* Extensions */,
				A21ABEE02B527C4000ECDAAE /* Assets.xcassets */,
				A21ABEE22B527C4000ECDAAE /* Preview Content */,
			);
			path = SOLIDPrinciplesExample;
			sourceTree = "<group>";
		};
		A21ABEE22B527C4000ECDAAE /* Preview Content */ = {
			isa = PBXGroup;
			children = (
				A21ABEE32B527C4000ECDAAE /* Preview Assets.xcassets */,
			);
			path = "Preview Content";
			sourceTree = "<group>";
		};
		A21ABEEA2B527C5100ECDAAE /* Model */ = {
			isa = PBXGroup;
			children = (
				A21ABEEE2B52806300ECDAAE /* ProductData.swift */,
			);
			path = Model;
			sourceTree = "<group>";
		};
		A21ABEEB2B527C5700ECDAAE /* Views */ = {
			isa = PBXGroup;
			children = (
				A21ABEFD2B529EB100ECDAAE /* ProductListView.swift */,
				A21ABEFF2B52A22900ECDAAE /* ProductDetailView.swift */,
				A21ABF012B52A2AB00ECDAAE /* AutoScroller.swift */,
			);
			path = Views;
			sourceTree = "<group>";
		};
		A21ABEED2B527C6300ECDAAE /* ViewModel */ = {
			isa = PBXGroup;
			children = (
				A21ABEF32B52810C00ECDAAE /* ProductViewModel.swift */,
			);
			path = ViewModel;
			sourceTree = "<group>";
		};
		A21ABEF72B529C8F00ECDAAE /* Extensions */ = {
			isa = PBXGroup;
			children = (
				A21ABEFB2B529E0600ECDAAE /* Constants.swift */,
			);
			path = Extensions;
			sourceTree = "<group>";
		};
		A25389582B53F01F00F23187 /* App */ = {
			isa = PBXGroup;
			children = (
				A21ABEDC2B527C3E00ECDAAE /* SOLIDPrinciplesExampleApp.swift */,
				A21ABEDE2B527C3E00ECDAAE /* ContentView.swift */,
			);
			path = App;
			sourceTree = "<group>";
		};
		A25389652B53F32000F23187 /* SOLIDPrinciplesExampleTests */ = {
			isa = PBXGroup;
			children = (
				A25389662B53F32000F23187 /* SOLIDPrinciplesExampleTests.swift */,
			);
			path = SOLIDPrinciplesExampleTests;
			sourceTree = "<group>";
		};
		A291FF7D2B53E47E00DE6484 /* Dependencies */ = {
			isa = PBXGroup;
			children = (
				A291FF7B2B53E44700DE6484 /* AppDependencies.swift */,
			);
			path = Dependencies;
			sourceTree = "<group>";
		};
		A2B1E0552B53E8F700D9E3DE /* Repository */ = {
			isa = PBXGroup;
			children = (
				A21ABEF82B529CDA00ECDAAE /* ProductServiceRepository.swift */,
				A253896D2B54048800F23187 /* ProductServiceRepositoryImpl.swift */,
			);
			path = Repository;
			sourceTree = "<group>";
		};
		A2B1E0562B53E90300D9E3DE /* Network */ = {
			isa = PBXGroup;
			children = (
				A21ABEF52B529C6400ECDAAE /* ProductEndPoint.swift */,
			);
			path = Network;
			sourceTree = "<group>";
		};
/* End PBXGroup section */

/* Begin PBXNativeTarget section */
		A21ABED82B527C3E00ECDAAE /* SOLIDPrinciplesExample */ = {
			isa = PBXNativeTarget;
			buildConfigurationList = A21ABEE72B527C4000ECDAAE /* Build configuration list for PBXNativeTarget "SOLIDPrinciplesExample" */;
			buildPhases = (
				A21ABED52B527C3E00ECDAAE /* Sources */,
				A21ABED62B527C3E00ECDAAE /* Frameworks */,
				A21ABED72B527C3E00ECDAAE /* Resources */,
				A21ABEFA2B529D6C00ECDAAE /* SwiftLint */,
			);
			buildRules = (
			);
			dependencies = (
			);
			name = SOLIDPrinciplesExample;
			packageProductDependencies = (
				A291FF792B52B91E00DE6484 /* NetworkKit */,
			);
			productName = SOLIDPrinciplesExample;
			productReference = A21ABED92B527C3E00ECDAAE /* SOLIDPrinciplesExample.app */;
			productType = "com.apple.product-type.application";
		};
		A25389632B53F32000F23187 /* SOLIDPrinciplesExampleTests */ = {
			isa = PBXNativeTarget;
			buildConfigurationList = A253896A2B53F32000F23187 /* Build configuration list for PBXNativeTarget "SOLIDPrinciplesExampleTests" */;
			buildPhases = (
				A25389602B53F32000F23187 /* Sources */,
				A25389612B53F32000F23187 /* Frameworks */,
				A25389622B53F32000F23187 /* Resources */,
			);
			buildRules = (
			);
			dependencies = (
				A25389692B53F32000F23187 /* PBXTargetDependency */,
			);
			name = SOLIDPrinciplesExampleTests;
			productName = SOLIDPrinciplesExampleTests;
			productReference = A25389642B53F32000F23187 /* SOLIDPrinciplesExampleTests.xctest */;
			productType = "com.apple.product-type.bundle.unit-test";
		};
/* End PBXNativeTarget section */

/* Begin PBXProject section */
		A21ABED12B527C3E00ECDAAE /* Project object */ = {
			isa = PBXProject;
			attributes = {
				BuildIndependentTargetsInParallel = 1;
				LastSwiftUpdateCheck = 1520;
				LastUpgradeCheck = 1520;
				TargetAttributes = {
					A21ABED82B527C3E00ECDAAE = {
						CreatedOnToolsVersion = 15.2;
					};
					A25389632B53F32000F23187 = {
						CreatedOnToolsVersion = 15.2;
						TestTargetID = A21ABED82B527C3E00ECDAAE;
					};
				};
			};
			buildConfigurationList = A21ABED42B527C3E00ECDAAE /* Build configuration list for PBXProject "SOLIDPrinciplesExample" */;
			compatibilityVersion = "Xcode 14.0";
			developmentRegion = en;
			hasScannedForEncodings = 0;
			knownRegions = (
				en,
				Base,
			);
			mainGroup = A21ABED02B527C3E00ECDAAE;
			packageReferences = (
				A291FF782B52B91E00DE6484 /* XCRemoteSwiftPackageReference "NetworkKit" */,
			);
			productRefGroup = A21ABEDA2B527C3E00ECDAAE /* Products */;
			projectDirPath = "";
			projectRoot = "";
			targets = (
				A21ABED82B527C3E00ECDAAE /* SOLIDPrinciplesExample */,
				A25389632B53F32000F23187 /* SOLIDPrinciplesExampleTests */,
			);
		};
/* End PBXProject section */

/* Begin PBXResourcesBuildPhase section */
		A21ABED72B527C3E00ECDAAE /* Resources */ = {
			isa = PBXResourcesBuildPhase;
			buildActionMask = 2147483647;
			files = (
				A21ABEE42B527C4000ECDAAE /* Preview Assets.xcassets in Resources */,
				A21ABEE12B527C4000ECDAAE /* Assets.xcassets in Resources */,
			);
			runOnlyForDeploymentPostprocessing = 0;
		};
		A25389622B53F32000F23187 /* Resources */ = {
			isa = PBXResourcesBuildPhase;
			buildActionMask = 2147483647;
			files = (
			);
			runOnlyForDeploymentPostprocessing = 0;
		};
/* End PBXResourcesBuildPhase section */

/* Begin PBXShellScriptBuildPhase section */
		A21ABEFA2B529D6C00ECDAAE /* SwiftLint */ = {
			isa = PBXShellScriptBuildPhase;
			alwaysOutOfDate = 1;
			buildActionMask = 2147483647;
			files = (
			);
			inputFileListPaths = (
			);
			inputPaths = (
			);
			name = SwiftLint;
			outputFileListPaths = (
			);
			outputPaths = (
			);
			runOnlyForDeploymentPostprocessing = 0;
			shellPath = /bin/sh;
			shellScript = "if which swiftlint >/dev/null; then\n  swiftlint\nelse\n  echo \"warning: SwiftLint not installed, download from https://github.com/realm/SwiftLint\"\nfi\n";
		};
/* End PBXShellScriptBuildPhase section */

/* Begin PBXSourcesBuildPhase section */
		A21ABED52B527C3E00ECDAAE /* Sources */ = {
			isa = PBXSourcesBuildPhase;
			buildActionMask = 2147483647;
			files = (
				A291FF7C2B53E44700DE6484 /* AppDependencies.swift in Sources */,
				A253896E2B54048800F23187 /* ProductServiceRepositoryImpl.swift in Sources */,
				A21ABEFE2B529EB100ECDAAE /* ProductListView.swift in Sources */,
				A21ABEDF2B527C3E00ECDAAE /* ContentView.swift in Sources */,
				A21ABF022B52A2AB00ECDAAE /* AutoScroller.swift in Sources */,
				A21ABEDD2B527C3E00ECDAAE /* SOLIDPrinciplesExampleApp.swift in Sources */,
				A21ABEF42B52810C00ECDAAE /* ProductViewModel.swift in Sources */,
				A21ABEF92B529CDA00ECDAAE /* ProductServiceRepository.swift in Sources */,
				A21ABEFC2B529E0600ECDAAE /* Constants.swift in Sources */,
				A21ABEEF2B52806300ECDAAE /* ProductData.swift in Sources */,
				A21ABEF62B529C6400ECDAAE /* ProductEndPoint.swift in Sources */,
				A21ABF002B52A22900ECDAAE /* ProductDetailView.swift in Sources */,
			);
			runOnlyForDeploymentPostprocessing = 0;
		};
		A25389602B53F32000F23187 /* Sources */ = {
			isa = PBXSourcesBuildPhase;
			buildActionMask = 2147483647;
			files = (
				A25389672B53F32000F23187 /* SOLIDPrinciplesExampleTests.swift in Sources */,
			);
			runOnlyForDeploymentPostprocessing = 0;
		};
/* End PBXSourcesBuildPhase section */

/* Begin PBXTargetDependency section */
		A25389692B53F32000F23187 /* PBXTargetDependency */ = {
			isa = PBXTargetDependency;
			target = A21ABED82B527C3E00ECDAAE /* SOLIDPrinciplesExample */;
			targetProxy = A25389682B53F32000F23187 /* PBXContainerItemProxy */;
		};
/* End PBXTargetDependency section */

/* Begin XCBuildConfiguration section */
		A21ABEE52B527C4000ECDAAE /* Debug */ = {
			isa = XCBuildConfiguration;
			buildSettings = {
				ALWAYS_SEARCH_USER_PATHS = NO;
				ASSETCATALOG_COMPILER_GENERATE_SWIFT_ASSET_SYMBOL_EXTENSIONS = YES;
				CLANG_ANALYZER_NONNULL = YES;
				CLANG_ANALYZER_NUMBER_OBJECT_CONVERSION = YES_AGGRESSIVE;
				CLANG_CXX_LANGUAGE_STANDARD = "gnu++20";
				CLANG_ENABLE_MODULES = YES;
				CLANG_ENABLE_OBJC_ARC = YES;
				CLANG_ENABLE_OBJC_WEAK = YES;
				CLANG_WARN_BLOCK_CAPTURE_AUTORELEASING = YES;
				CLANG_WARN_BOOL_CONVERSION = YES;
				CLANG_WARN_COMMA = YES;
				CLANG_WARN_CONSTANT_CONVERSION = YES;
				CLANG_WARN_DEPRECATED_OBJC_IMPLEMENTATIONS = YES;
				CLANG_WARN_DIRECT_OBJC_ISA_USAGE = YES_ERROR;
				CLANG_WARN_DOCUMENTATION_COMMENTS = YES;
				CLANG_WARN_EMPTY_BODY = YES;
				CLANG_WARN_ENUM_CONVERSION = YES;
				CLANG_WARN_INFINITE_RECURSION = YES;
				CLANG_WARN_INT_CONVERSION = YES;
				CLANG_WARN_NON_LITERAL_NULL_CONVERSION = YES;
				CLANG_WARN_OBJC_IMPLICIT_RETAIN_SELF = YES;
				CLANG_WARN_OBJC_LITERAL_CONVERSION = YES;
				CLANG_WARN_OBJC_ROOT_CLASS = YES_ERROR;
				CLANG_WARN_QUOTED_INCLUDE_IN_FRAMEWORK_HEADER = YES;
				CLANG_WARN_RANGE_LOOP_ANALYSIS = YES;
				CLANG_WARN_STRICT_PROTOTYPES = YES;
				CLANG_WARN_SUSPICIOUS_MOVE = YES;
				CLANG_WARN_UNGUARDED_AVAILABILITY = YES_AGGRESSIVE;
				CLANG_WARN_UNREACHABLE_CODE = YES;
				CLANG_WARN__DUPLICATE_METHOD_MATCH = YES;
				COPY_PHASE_STRIP = NO;
				DEBUG_INFORMATION_FORMAT = dwarf;
				ENABLE_STRICT_OBJC_MSGSEND = YES;
				ENABLE_TESTABILITY = YES;
				ENABLE_USER_SCRIPT_SANDBOXING = YES;
				GCC_C_LANGUAGE_STANDARD = gnu17;
				GCC_DYNAMIC_NO_PIC = NO;
				GCC_NO_COMMON_BLOCKS = YES;
				GCC_OPTIMIZATION_LEVEL = 0;
				GCC_PREPROCESSOR_DEFINITIONS = (
					"DEBUG=1",
					"$(inherited)",
				);
				GCC_WARN_64_TO_32_BIT_CONVERSION = YES;
				GCC_WARN_ABOUT_RETURN_TYPE = YES_ERROR;
				GCC_WARN_UNDECLARED_SELECTOR = YES;
				GCC_WARN_UNINITIALIZED_AUTOS = YES_AGGRESSIVE;
				GCC_WARN_UNUSED_FUNCTION = YES;
				GCC_WARN_UNUSED_VARIABLE = YES;
				IPHONEOS_DEPLOYMENT_TARGET = 16.0;
				LOCALIZATION_PREFERS_STRING_CATALOGS = YES;
				MTL_ENABLE_DEBUG_INFO = INCLUDE_SOURCE;
				MTL_FAST_MATH = YES;
				ONLY_ACTIVE_ARCH = YES;
				SDKROOT = iphoneos;
				SWIFT_ACTIVE_COMPILATION_CONDITIONS = "DEBUG $(inherited)";
				SWIFT_OPTIMIZATION_LEVEL = "-Onone";
			};
			name = Debug;
		};
		A21ABEE62B527C4000ECDAAE /* Release */ = {
			isa = XCBuildConfiguration;
			buildSettings = {
				ALWAYS_SEARCH_USER_PATHS = NO;
				ASSETCATALOG_COMPILER_GENERATE_SWIFT_ASSET_SYMBOL_EXTENSIONS = YES;
				CLANG_ANALYZER_NONNULL = YES;
				CLANG_ANALYZER_NUMBER_OBJECT_CONVERSION = YES_AGGRESSIVE;
				CLANG_CXX_LANGUAGE_STANDARD = "gnu++20";
				CLANG_ENABLE_MODULES = YES;
				CLANG_ENABLE_OBJC_ARC = YES;
				CLANG_ENABLE_OBJC_WEAK = YES;
				CLANG_WARN_BLOCK_CAPTURE_AUTORELEASING = YES;
				CLANG_WARN_BOOL_CONVERSION = YES;
				CLANG_WARN_COMMA = YES;
				CLANG_WARN_CONSTANT_CONVERSION = YES;
				CLANG_WARN_DEPRECATED_OBJC_IMPLEMENTATIONS = YES;
				CLANG_WARN_DIRECT_OBJC_ISA_USAGE = YES_ERROR;
				CLANG_WARN_DOCUMENTATION_COMMENTS = YES;
				CLANG_WARN_EMPTY_BODY = YES;
				CLANG_WARN_ENUM_CONVERSION = YES;
				CLANG_WARN_INFINITE_RECURSION = YES;
				CLANG_WARN_INT_CONVERSION = YES;
				CLANG_WARN_NON_LITERAL_NULL_CONVERSION = YES;
				CLANG_WARN_OBJC_IMPLICIT_RETAIN_SELF = YES;
				CLANG_WARN_OBJC_LITERAL_CONVERSION = YES;
				CLANG_WARN_OBJC_ROOT_CLASS = YES_ERROR;
				CLANG_WARN_QUOTED_INCLUDE_IN_FRAMEWORK_HEADER = YES;
				CLANG_WARN_RANGE_LOOP_ANALYSIS = YES;
				CLANG_WARN_STRICT_PROTOTYPES = YES;
				CLANG_WARN_SUSPICIOUS_MOVE = YES;
				CLANG_WARN_UNGUARDED_AVAILABILITY = YES_AGGRESSIVE;
				CLANG_WARN_UNREACHABLE_CODE = YES;
				CLANG_WARN__DUPLICATE_METHOD_MATCH = YES;
				COPY_PHASE_STRIP = NO;
				DEBUG_INFORMATION_FORMAT = "dwarf-with-dsym";
				ENABLE_NS_ASSERTIONS = NO;
				ENABLE_STRICT_OBJC_MSGSEND = YES;
				ENABLE_USER_SCRIPT_SANDBOXING = YES;
				GCC_C_LANGUAGE_STANDARD = gnu17;
				GCC_NO_COMMON_BLOCKS = YES;
				GCC_WARN_64_TO_32_BIT_CONVERSION = YES;
				GCC_WARN_ABOUT_RETURN_TYPE = YES_ERROR;
				GCC_WARN_UNDECLARED_SELECTOR = YES;
				GCC_WARN_UNINITIALIZED_AUTOS = YES_AGGRESSIVE;
				GCC_WARN_UNUSED_FUNCTION = YES;
				GCC_WARN_UNUSED_VARIABLE = YES;
				IPHONEOS_DEPLOYMENT_TARGET = 16.0;
				LOCALIZATION_PREFERS_STRING_CATALOGS = YES;
				MTL_ENABLE_DEBUG_INFO = NO;
				MTL_FAST_MATH = YES;
				SDKROOT = iphoneos;
				SWIFT_COMPILATION_MODE = wholemodule;
				VALIDATE_PRODUCT = YES;
			};
			name = Release;
		};
		A21ABEE82B527C4000ECDAAE /* Debug */ = {
			isa = XCBuildConfiguration;
			buildSettings = {
				ASSETCATALOG_COMPILER_APPICON_NAME = AppIcon;
				ASSETCATALOG_COMPILER_GLOBAL_ACCENT_COLOR_NAME = AccentColor;
				CODE_SIGN_STYLE = Automatic;
				CURRENT_PROJECT_VERSION = 1;
				DEVELOPMENT_ASSET_PATHS = "\"SOLIDPrinciplesExample/Preview Content\"";
				ENABLE_PREVIEWS = YES;
				ENABLE_USER_SCRIPT_SANDBOXING = NO;
				GENERATE_INFOPLIST_FILE = YES;
				INFOPLIST_KEY_UIApplicationSceneManifest_Generation = YES;
				INFOPLIST_KEY_UIApplicationSupportsIndirectInputEvents = YES;
				INFOPLIST_KEY_UILaunchScreen_Generation = YES;
				INFOPLIST_KEY_UISupportedInterfaceOrientations_iPad = "UIInterfaceOrientationPortrait UIInterfaceOrientationPortraitUpsideDown UIInterfaceOrientationLandscapeLeft UIInterfaceOrientationLandscapeRight";
				INFOPLIST_KEY_UISupportedInterfaceOrientations_iPhone = "UIInterfaceOrientationPortrait UIInterfaceOrientationLandscapeLeft UIInterfaceOrientationLandscapeRight";
				IPHONEOS_DEPLOYMENT_TARGET = 16.0;
				LD_RUNPATH_SEARCH_PATHS = (
					"$(inherited)",
					"@executable_path/Frameworks",
				);
				MARKETING_VERSION = 1.0;
				PRODUCT_BUNDLE_IDENTIFIER = com.saba.dev.SOLIDPrinciplesExample;
				PRODUCT_NAME = "$(TARGET_NAME)";
				SWIFT_EMIT_LOC_STRINGS = YES;
				SWIFT_VERSION = 5.0;
				TARGETED_DEVICE_FAMILY = "1,2";
			};
			name = Debug;
		};
		A21ABEE92B527C4000ECDAAE /* Release */ = {
			isa = XCBuildConfiguration;
			buildSettings = {
				ASSETCATALOG_COMPILER_APPICON_NAME = AppIcon;
				ASSETCATALOG_COMPILER_GLOBAL_ACCENT_COLOR_NAME = AccentColor;
				CODE_SIGN_STYLE = Automatic;
				CURRENT_PROJECT_VERSION = 1;
				DEVELOPMENT_ASSET_PATHS = "\"SOLIDPrinciplesExample/Preview Content\"";
				ENABLE_PREVIEWS = YES;
				ENABLE_USER_SCRIPT_SANDBOXING = NO;
				GENERATE_INFOPLIST_FILE = YES;
				INFOPLIST_KEY_UIApplicationSceneManifest_Generation = YES;
				INFOPLIST_KEY_UIApplicationSupportsIndirectInputEvents = YES;
				INFOPLIST_KEY_UILaunchScreen_Generation = YES;
				INFOPLIST_KEY_UISupportedInterfaceOrientations_iPad = "UIInterfaceOrientationPortrait UIInterfaceOrientationPortraitUpsideDown UIInterfaceOrientationLandscapeLeft UIInterfaceOrientationLandscapeRight";
				INFOPLIST_KEY_UISupportedInterfaceOrientations_iPhone = "UIInterfaceOrientationPortrait UIInterfaceOrientationLandscapeLeft UIInterfaceOrientationLandscapeRight";
				IPHONEOS_DEPLOYMENT_TARGET = 16.0;
				LD_RUNPATH_SEARCH_PATHS = (
					"$(inherited)",
					"@executable_path/Frameworks",
				);
				MARKETING_VERSION = 1.0;
				PRODUCT_BUNDLE_IDENTIFIER = com.saba.dev.SOLIDPrinciplesExample;
				PRODUCT_NAME = "$(TARGET_NAME)";
				SWIFT_EMIT_LOC_STRINGS = YES;
				SWIFT_VERSION = 5.0;
				TARGETED_DEVICE_FAMILY = "1,2";
			};
			name = Release;
		};
		A253896B2B53F32000F23187 /* Debug */ = {
			isa = XCBuildConfiguration;
			buildSettings = {
				BUNDLE_LOADER = "$(TEST_HOST)";
				CODE_SIGN_STYLE = Automatic;
				CURRENT_PROJECT_VERSION = 1;
				GENERATE_INFOPLIST_FILE = YES;
				IPHONEOS_DEPLOYMENT_TARGET = 17.2;
				MARKETING_VERSION = 1.0;
				PRODUCT_BUNDLE_IDENTIFIER = com.saba.dev.SOLIDPrinciplesExampleTests;
				PRODUCT_NAME = "$(TARGET_NAME)";
				SWIFT_EMIT_LOC_STRINGS = NO;
				SWIFT_VERSION = 5.0;
				TARGETED_DEVICE_FAMILY = "1,2";
				TEST_HOST = "$(BUILT_PRODUCTS_DIR)/SOLIDPrinciplesExample.app/$(BUNDLE_EXECUTABLE_FOLDER_PATH)/SOLIDPrinciplesExample";
			};
			name = Debug;
		};
		A253896C2B53F32000F23187 /* Release */ = {
			isa = XCBuildConfiguration;
			buildSettings = {
				BUNDLE_LOADER = "$(TEST_HOST)";
				CODE_SIGN_STYLE = Automatic;
				CURRENT_PROJECT_VERSION = 1;
				GENERATE_INFOPLIST_FILE = YES;
				IPHONEOS_DEPLOYMENT_TARGET = 17.2;
				MARKETING_VERSION = 1.0;
				PRODUCT_BUNDLE_IDENTIFIER = com.saba.dev.SOLIDPrinciplesExampleTests;
				PRODUCT_NAME = "$(TARGET_NAME)";
				SWIFT_EMIT_LOC_STRINGS = NO;
				SWIFT_VERSION = 5.0;
				TARGETED_DEVICE_FAMILY = "1,2";
				TEST_HOST = "$(BUILT_PRODUCTS_DIR)/SOLIDPrinciplesExample.app/$(BUNDLE_EXECUTABLE_FOLDER_PATH)/SOLIDPrinciplesExample";
			};
			name = Release;
		};
/* End XCBuildConfiguration section */

/* Begin XCConfigurationList section */
		A21ABED42B527C3E00ECDAAE /* Build configuration list for PBXProject "SOLIDPrinciplesExample" */ = {
			isa = XCConfigurationList;
			buildConfigurations = (
				A21ABEE52B527C4000ECDAAE /* Debug */,
				A21ABEE62B527C4000ECDAAE /* Release */,
			);
			defaultConfigurationIsVisible = 0;
			defaultConfigurationName = Release;
		};
		A21ABEE72B527C4000ECDAAE /* Build configuration list for PBXNativeTarget "SOLIDPrinciplesExample" */ = {
			isa = XCConfigurationList;
			buildConfigurations = (
				A21ABEE82B527C4000ECDAAE /* Debug */,
				A21ABEE92B527C4000ECDAAE /* Release */,
			);
			defaultConfigurationIsVisible = 0;
			defaultConfigurationName = Release;
		};
		A253896A2B53F32000F23187 /* Build configuration list for PBXNativeTarget "SOLIDPrinciplesExampleTests" */ = {
			isa = XCConfigurationList;
			buildConfigurations = (
				A253896B2B53F32000F23187 /* Debug */,
				A253896C2B53F32000F23187 /* Release */,
			);
			defaultConfigurationIsVisible = 0;
			defaultConfigurationName = Release;
		};
/* End XCConfigurationList section */

/* Begin XCRemoteSwiftPackageReference section */
		A291FF782B52B91E00DE6484 /* XCRemoteSwiftPackageReference "NetworkKit" */ = {
			isa = XCRemoteSwiftPackageReference;
			repositoryURL = "https://github.com/sabapathyk7/NetworkKit.git";
			requirement = {
				kind = upToNextMajorVersion;
				minimumVersion = 1.0.2;
			};
		};
/* End XCRemoteSwiftPackageReference section */

/* Begin XCSwiftPackageProductDependency section */
		A291FF792B52B91E00DE6484 /* NetworkKit */ = {
			isa = XCSwiftPackageProductDependency;
			package = A291FF782B52B91E00DE6484 /* XCRemoteSwiftPackageReference "NetworkKit" */;
			productName = NetworkKit;
		};
/* End XCSwiftPackageProductDependency section */
	};
	rootObject = A21ABED12B527C3E00ECDAAE /* Project object */;
}
